
Microsoft Visual Studio Solution File, Format Version 12.00
# Visual Studio Version 16
VisualStudioVersion = 16.0.31702.278
MinimumVisualStudioVersion = 10.0.40219.1
Project("{8BC9CEB8-8B4A-11D0-8D11-00A0C91BC942}") = "2", "2\2.vcxproj", "{D136AC90-3B0B-4FE3-B8CC-10D98F4A9274}"
EndProject
Global
	GlobalSection(SolutionConfigurationPlatforms) = preSolution
		Debug|x64 = Debug|x64
		Debug|x86 = Debug|x86
		Release|x64 = Release|x64
		Release|x86 = Release|x86
	EndGlobalSection
	GlobalSection(ProjectConfigurationPlatforms) = postSolution
		{D136AC90-3B0B-4FE3-B8CC-10D98F4A9274}.Debug|x64.ActiveCfg = Debug|x64
		{D136AC90-3B0B-4FE3-B8CC-10D98F4A9274}.Debug|x64.Build.0 = Debug|x64
		{D136AC90-3B0B-4FE3-B8CC-10D98F4A9274}.Debug|x86.ActiveCfg = Debug|Win32
		{D136AC90-3B0B-4FE3-B8CC-10D98F4A9274}.Debug|x86.Build.0 = Debug|Win32
		{D136AC90-3B0B-4FE3-B8CC-10D98F4A9274}.Release|x64.ActiveCfg = Release|x64
		{D136AC90-3B0B-4FE3-B8CC-10D98F4A9274}.Release|x64.Build.0 = Release|x64
		{D136AC90-3B0B-4FE3-B8CC-10D98F4A9274}.Release|x86.ActiveCfg = Release|Win32
		{D136AC90-3B0B-4FE3-B8CC-10D98F4A9274}.Release|x86.Build.0 = Release|Win32
	EndGlobalSection
	GlobalSection(SolutionProperties) = preSolution
		HideSolutionNode = FALSE
	EndGlobalSection
	GlobalSection(ExtensibilityGlobals) = postSolution
		SolutionGuid = {99888663-83B7-4D3E-B5A3-ABD4D380BB7F}
	EndGlobalSection
EndGlobal
